
Microsoft Visual Studio Solution File, Format Version 12.00
# Visual Studio Version 16
VisualStudioVersion = 16.0.30114.105
MinimumVisualStudioVersion = 10.0.40219.1
Project("{FAE04EC0-301F-11D3-BF4B-00C04F79EFBC}") = "BookApp.Tests", "BookApp.Tests\BookApp.Tests.csproj", "{08DCC2BE-89D9-40C2-BF22-99E1AA5B4198}"
EndProject
Project("{FAE04EC0-301F-11D3-BF4B-00C04F79EFBC}") = "BookApp", "BookApp\BookApp.csproj", "{715093A8-ACFE-47DB-9D33-3FBAA29CE89C}"
EndProject
Global
	GlobalSection(SolutionConfigurationPlatforms) = preSolution
		Debug|Any CPU = Debug|Any CPU
		Release|Any CPU = Release|Any CPU
	EndGlobalSection
	GlobalSection(SolutionProperties) = preSolution
		HideSolutionNode = FALSE
	EndGlobalSection
	GlobalSection(ProjectConfigurationPlatforms) = postSolution
		{08DCC2BE-89D9-40C2-BF22-99E1AA5B4198}.Debug|Any CPU.ActiveCfg = Debug|Any CPU
		{08DCC2BE-89D9-40C2-BF22-99E1AA5B4198}.Debug|Any CPU.Build.0 = Debug|Any CPU
		{08DCC2BE-89D9-40C2-BF22-99E1AA5B4198}.Release|Any CPU.ActiveCfg = Release|Any CPU
		{08DCC2BE-89D9-40C2-BF22-99E1AA5B4198}.Release|Any CPU.Build.0 = Release|Any CPU
		{715093A8-ACFE-47DB-9D33-3FBAA29CE89C}.Debug|Any CPU.ActiveCfg = Debug|Any CPU
		{715093A8-ACFE-47DB-9D33-3FBAA29CE89C}.Debug|Any CPU.Build.0 = Debug|Any CPU
		{715093A8-ACFE-47DB-9D33-3FBAA29CE89C}.Release|Any CPU.ActiveCfg = Release|Any CPU
		{715093A8-ACFE-47DB-9D33-3FBAA29CE89C}.Release|Any CPU.Build.0 = Release|Any CPU
	EndGlobalSection
EndGlobal
